
Microsoft Visual Studio Solution File, Format Version 12.00
# Visual Studio Version 16
VisualStudioVersion = 16.0.29326.143
MinimumVisualStudioVersion = 10.0.40219.1
Project("{FAE04EC0-301F-11D3-BF4B-00C04F79EFBC}") = "teste_aula_13", "teste_aula_13.csproj", "{304322E1-2998-4646-BB60-A352EA856CB9}"
EndProject
Global
	GlobalSection(SolutionConfigurationPlatforms) = preSolution
		Debug|Any CPU = Debug|Any CPU
		Release|Any CPU = Release|Any CPU
	EndGlobalSection
	GlobalSection(ProjectConfigurationPlatforms) = postSolution
		{304322E1-2998-4646-BB60-A352EA856CB9}.Debug|Any CPU.ActiveCfg = Debug|Any CPU
		{304322E1-2998-4646-BB60-A352EA856CB9}.Debug|Any CPU.Build.0 = Debug|Any CPU
		{304322E1-2998-4646-BB60-A352EA856CB9}.Release|Any CPU.ActiveCfg = Release|Any CPU
		{304322E1-2998-4646-BB60-A352EA856CB9}.Release|Any CPU.Build.0 = Release|Any CPU
	EndGlobalSection
	GlobalSection(SolutionProperties) = preSolution
		HideSolutionNode = FALSE
	EndGlobalSection
	GlobalSection(ExtensibilityGlobals) = postSolution
		SolutionGuid = {F9206972-BB53-46B2-A35C-5155656318F0}
	EndGlobalSection
EndGlobal
